// !$*UTF8*$!
{
	archiveVersion = 1;
	classes = {
	};
	objectVersion = 55;
	objects = {

/* Begin PBXBuildFile section */
		813855CB27FD7476003C1121 /* StopListController.swift in Sources */ = {isa = PBXBuildFile; fileRef = 813855CA27FD7476003C1121 /* StopListController.swift */; };
		81C3EE0827F43B350058ED64 /* AppDelegate.swift in Sources */ = {isa = PBXBuildFile; fileRef = 81C3EE0727F43B350058ED64 /* AppDelegate.swift */; };
		81C3EE0A27F43B350058ED64 /* SceneDelegate.swift in Sources */ = {isa = PBXBuildFile; fileRef = 81C3EE0927F43B350058ED64 /* SceneDelegate.swift */; };
		81C3EE0C27F43B350058ED64 /* ViewController.swift in Sources */ = {isa = PBXBuildFile; fileRef = 81C3EE0B27F43B350058ED64 /* ViewController.swift */; };
		81C3EE0F27F43B350058ED64 /* Main.storyboard in Resources */ = {isa = PBXBuildFile; fileRef = 81C3EE0D27F43B350058ED64 /* Main.storyboard */; };
		81C3EE1127F43B360058ED64 /* Assets.xcassets in Resources */ = {isa = PBXBuildFile; fileRef = 81C3EE1027F43B360058ED64 /* Assets.xcassets */; };
		81C3EE1427F43B360058ED64 /* LaunchScreen.storyboard in Resources */ = {isa = PBXBuildFile; fileRef = 81C3EE1227F43B360058ED64 /* LaunchScreen.storyboard */; };
		81CC3DEA283E0155001D3192 /* DataTableViewCell.swift in Sources */ = {isa = PBXBuildFile; fileRef = 81CC3DE9283E0155001D3192 /* DataTableViewCell.swift */; };
		81CC3DED283E0B53001D3192 /* StopView.swift in Sources */ = {isa = PBXBuildFile; fileRef = 81CC3DEC283E0B53001D3192 /* StopView.swift */; };
		81DDB2A52822562B002FC849 /* Api.swift in Sources */ = {isa = PBXBuildFile; fileRef = 81DDB2A42822562B002FC849 /* Api.swift */; };
		81DDB2A728225662002FC849 /* Model.swift in Sources */ = {isa = PBXBuildFile; fileRef = 81DDB2A628225662002FC849 /* Model.swift */; };
/* End PBXBuildFile section */

/* Begin PBXFileReference section */
		813855CA27FD7476003C1121 /* StopListController.swift */ = {isa = PBXFileReference; lastKnownFileType = sourcecode.swift; path = StopListController.swift; sourceTree = "<group>"; };
		81C3EE0427F43B350058ED64 /* whereismytag.app */ = {isa = PBXFileReference; explicitFileType = wrapper.application; includeInIndex = 0; path = whereismytag.app; sourceTree = BUILT_PRODUCTS_DIR; };
		81C3EE0727F43B350058ED64 /* AppDelegate.swift */ = {isa = PBXFileReference; lastKnownFileType = sourcecode.swift; path = AppDelegate.swift; sourceTree = "<group>"; };
		81C3EE0927F43B350058ED64 /* SceneDelegate.swift */ = {isa = PBXFileReference; lastKnownFileType = sourcecode.swift; path = SceneDelegate.swift; sourceTree = "<group>"; };
		81C3EE0B27F43B350058ED64 /* ViewController.swift */ = {isa = PBXFileReference; lastKnownFileType = sourcecode.swift; path = ViewController.swift; sourceTree = "<group>"; };
		81C3EE0E27F43B350058ED64 /* Base */ = {isa = PBXFileReference; lastKnownFileType = file.storyboard; name = Base; path = Base.lproj/Main.storyboard; sourceTree = "<group>"; };
		81C3EE1027F43B360058ED64 /* Assets.xcassets */ = {isa = PBXFileReference; lastKnownFileType = folder.assetcatalog; path = Assets.xcassets; sourceTree = "<group>"; };
		81C3EE1327F43B360058ED64 /* Base */ = {isa = PBXFileReference; lastKnownFileType = file.storyboard; name = Base; path = Base.lproj/LaunchScreen.storyboard; sourceTree = "<group>"; };
		81C3EE1527F43B360058ED64 /* Info.plist */ = {isa = PBXFileReference; lastKnownFileType = text.plist.xml; path = Info.plist; sourceTree = "<group>"; };
		81CC3DE9283E0155001D3192 /* DataTableViewCell.swift */ = {isa = PBXFileReference; lastKnownFileType = sourcecode.swift; path = DataTableViewCell.swift; sourceTree = "<group>"; };
		81CC3DEC283E0B53001D3192 /* StopView.swift */ = {isa = PBXFileReference; lastKnownFileType = sourcecode.swift; path = StopView.swift; sourceTree = "<group>"; };
		81DDB2A42822562B002FC849 /* Api.swift */ = {isa = PBXFileReference; lastKnownFileType = sourcecode.swift; path = Api.swift; sourceTree = "<group>"; };
		81DDB2A628225662002FC849 /* Model.swift */ = {isa = PBXFileReference; lastKnownFileType = sourcecode.swift; path = Model.swift; sourceTree = "<group>"; };
/* End PBXFileReference section */

/* Begin PBXFrameworksBuildPhase section */
		81C3EE0127F43B350058ED64 /* Frameworks */ = {
			isa = PBXFrameworksBuildPhase;
			buildActionMask = 2147483647;
			files = (
			);
			runOnlyForDeploymentPostprocessing = 0;
		};
/* End PBXFrameworksBuildPhase section */

/* Begin PBXGroup section */
		81C3EDFB27F43B350058ED64 = {
			isa = PBXGroup;
			children = (
				81C3EE0627F43B350058ED64 /* whereismytag */,
				81C3EE0527F43B350058ED64 /* Products */,
			);
			sourceTree = "<group>";
		};
		81C3EE0527F43B350058ED64 /* Products */ = {
			isa = PBXGroup;
			children = (
				81C3EE0427F43B350058ED64 /* whereismytag.app */,
			);
			name = Products;
			sourceTree = "<group>";
		};
		81C3EE0627F43B350058ED64 /* whereismytag */ = {
			isa = PBXGroup;
			children = (
				81CC3DEB283E0ACD001D3192 /* StopView */,
				81CC3DE8283E0111001D3192 /* TableView */,
				81DDB2A328225593002FC849 /* WebService */,
				81C3EE0727F43B350058ED64 /* AppDelegate.swift */,
				81C3EE0927F43B350058ED64 /* SceneDelegate.swift */,
				81C3EE0B27F43B350058ED64 /* ViewController.swift */,
				81C3EE0D27F43B350058ED64 /* Main.storyboard */,
				81C3EE1027F43B360058ED64 /* Assets.xcassets */,
				81C3EE1227F43B360058ED64 /* LaunchScreen.storyboard */,
				81C3EE1527F43B360058ED64 /* Info.plist */,
			);
			path = whereismytag;
			sourceTree = "<group>";
		};
		81CC3DE8283E0111001D3192 /* TableView */ = {
			isa = PBXGroup;
			children = (
				81CC3DE9283E0155001D3192 /* DataTableViewCell.swift */,
			);
			name = TableView;
			sourceTree = "<group>";
		};
		81CC3DEB283E0ACD001D3192 /* StopView */ = {
			isa = PBXGroup;
			children = (
				81CC3DEC283E0B53001D3192 /* StopView.swift */,
			);
			path = StopView;
			sourceTree = "<group>";
		};
		81DDB2A328225593002FC849 /* WebService */ = {
			isa = PBXGroup;
			children = (
				813855CA27FD7476003C1121 /* StopListController.swift */,
				81DDB2A42822562B002FC849 /* Api.swift */,
				81DDB2A628225662002FC849 /* Model.swift */,
			);
			name = WebService;
			sourceTree = "<group>";
		};
/* End PBXGroup section */

/* Begin PBXNativeTarget section */
		81C3EE0327F43B350058ED64 /* whereismytag */ = {
			isa = PBXNativeTarget;
			buildConfigurationList = 81C3EE1827F43B360058ED64 /* Build configuration list for PBXNativeTarget "whereismytag" */;
			buildPhases = (
				81C3EE0027F43B350058ED64 /* Sources */,
				81C3EE0127F43B350058ED64 /* Frameworks */,
				81C3EE0227F43B350058ED64 /* Resources */,
			);
			buildRules = (
			);
			dependencies = (
			);
			name = whereismytag;
			productName = whereismytag;
			productReference = 81C3EE0427F43B350058ED64 /* whereismytag.app */;
			productType = "com.apple.product-type.application";
		};
/* End PBXNativeTarget section */

/* Begin PBXProject section */
		81C3EDFC27F43B350058ED64 /* Project object */ = {
			isa = PBXProject;
			attributes = {
				BuildIndependentTargetsInParallel = 1;
				LastSwiftUpdateCheck = 1310;
				LastUpgradeCheck = 1310;
				TargetAttributes = {
					81C3EE0327F43B350058ED64 = {
						CreatedOnToolsVersion = 13.1;
					};
				};
			};
			buildConfigurationList = 81C3EDFF27F43B350058ED64 /* Build configuration list for PBXProject "whereismytag" */;
			compatibilityVersion = "Xcode 13.0";
			developmentRegion = en;
			hasScannedForEncodings = 0;
			knownRegions = (
				en,
				Base,
			);
			mainGroup = 81C3EDFB27F43B350058ED64;
			productRefGroup = 81C3EE0527F43B350058ED64 /* Products */;
			projectDirPath = "";
			projectRoot = "";
			targets = (
				81C3EE0327F43B350058ED64 /* whereismytag */,
			);
		};
/* End PBXProject section */

/* Begin PBXResourcesBuildPhase section */
		81C3EE0227F43B350058ED64 /* Resources */ = {
			isa = PBXResourcesBuildPhase;
			buildActionMask = 2147483647;
			files = (
				81C3EE1427F43B360058ED64 /* LaunchScreen.storyboard in Resources */,
				81C3EE1127F43B360058ED64 /* Assets.xcassets in Resources */,
				81C3EE0F27F43B350058ED64 /* Main.storyboard in Resources */,
			);
			runOnlyForDeploymentPostprocessing = 0;
		};
/* End PBXResourcesBuildPhase section */

/* Begin PBXSourcesBuildPhase section */
		81C3EE0027F43B350058ED64 /* Sources */ = {
			isa = PBXSourcesBuildPhase;
			buildActionMask = 2147483647;
			files = (
				81C3EE0C27F43B350058ED64 /* ViewController.swift in Sources */,
				813855CB27FD7476003C1121 /* StopListController.swift in Sources */,
				81CC3DED283E0B53001D3192 /* StopView.swift in Sources */,
				81C3EE0827F43B350058ED64 /* AppDelegate.swift in Sources */,
				81DDB2A728225662002FC849 /* Model.swift in Sources */,
				81DDB2A52822562B002FC849 /* Api.swift in Sources */,
				81CC3DEA283E0155001D3192 /* DataTableViewCell.swift in Sources */,
				81C3EE0A27F43B350058ED64 /* SceneDelegate.swift in Sources */,
			);
			runOnlyForDeploymentPostprocessing = 0;
		};
/* End PBXSourcesBuildPhase section */

/* Begin PBXVariantGroup section */
		81C3EE0D27F43B350058ED64 /* Main.storyboard */ = {
			isa = PBXVariantGroup;
			children = (
				81C3EE0E27F43B350058ED64 /* Base */,
			);
			name = Main.storyboard;
			sourceTree = "<group>";
		};
		81C3EE1227F43B360058ED64 /* LaunchScreen.storyboard */ = {
			isa = PBXVariantGroup;
			children = (
				81C3EE1327F43B360058ED64 /* Base */,
			);
			name = LaunchScreen.storyboard;
			sourceTree = "<group>";
		};
/* End PBXVariantGroup section */

/* Begin XCBuildConfiguration section */
		81C3EE1627F43B360058ED64 /* Debug */ = {
			isa = XCBuildConfiguration;
			buildSettings = {
				ALWAYS_SEARCH_USER_PATHS = NO;
				CLANG_ANALYZER_NONNULL = YES;
				CLANG_ANALYZER_NUMBER_OBJECT_CONVERSION = YES_AGGRESSIVE;
				CLANG_CXX_LANGUAGE_STANDARD = "gnu++17";
				CLANG_CXX_LIBRARY = "libc++";
				CLANG_ENABLE_MODULES = YES;
				CLANG_ENABLE_OBJC_ARC = YES;
				CLANG_ENABLE_OBJC_WEAK = YES;
				CLANG_WARN_BLOCK_CAPTURE_AUTORELEASING = YES;
				CLANG_WARN_BOOL_CONVERSION = YES;
				CLANG_WARN_COMMA = YES;
				CLANG_WARN_CONSTANT_CONVERSION = YES;
				CLANG_WARN_DEPRECATED_OBJC_IMPLEMENTATIONS = YES;
				CLANG_WARN_DIRECT_OBJC_ISA_USAGE = YES_ERROR;
				CLANG_WARN_DOCUMENTATION_COMMENTS = YES;
				CLANG_WARN_EMPTY_BODY = YES;
				CLANG_WARN_ENUM_CONVERSION = YES;
				CLANG_WARN_INFINITE_RECURSION = YES;
				CLANG_WARN_INT_CONVERSION = YES;
				CLANG_WARN_NON_LITERAL_NULL_CONVERSION = YES;
				CLANG_WARN_OBJC_IMPLICIT_RETAIN_SELF = YES;
				CLANG_WARN_OBJC_LITERAL_CONVERSION = YES;
				CLANG_WARN_OBJC_ROOT_CLASS = YES_ERROR;
				CLANG_WARN_QUOTED_INCLUDE_IN_FRAMEWORK_HEADER = YES;
				CLANG_WARN_RANGE_LOOP_ANALYSIS = YES;
				CLANG_WARN_STRICT_PROTOTYPES = YES;
				CLANG_WARN_SUSPICIOUS_MOVE = YES;
				CLANG_WARN_UNGUARDED_AVAILABILITY = YES_AGGRESSIVE;
				CLANG_WARN_UNREACHABLE_CODE = YES;
				CLANG_WARN__DUPLICATE_METHOD_MATCH = YES;
				COPY_PHASE_STRIP = NO;
				DEBUG_INFORMATION_FORMAT = dwarf;
				ENABLE_STRICT_OBJC_MSGSEND = YES;
				ENABLE_TESTABILITY = YES;
				GCC_C_LANGUAGE_STANDARD = gnu11;
				GCC_DYNAMIC_NO_PIC = NO;
				GCC_NO_COMMON_BLOCKS = YES;
				GCC_OPTIMIZATION_LEVEL = 0;
				GCC_PREPROCESSOR_DEFINITIONS = (
					"DEBUG=1",
					"$(inherited)",
				);
				GCC_WARN_64_TO_32_BIT_CONVERSION = YES;
				GCC_WARN_ABOUT_RETURN_TYPE = YES_ERROR;
				GCC_WARN_UNDECLARED_SELECTOR = YES;
				GCC_WARN_UNINITIALIZED_AUTOS = YES_AGGRESSIVE;
				GCC_WARN_UNUSED_FUNCTION = YES;
				GCC_WARN_UNUSED_VARIABLE = YES;
				IPHONEOS_DEPLOYMENT_TARGET = 15.0;
				MTL_ENABLE_DEBUG_INFO = INCLUDE_SOURCE;
				MTL_FAST_MATH = YES;
				ONLY_ACTIVE_ARCH = YES;
				SDKROOT = iphoneos;
				SWIFT_ACTIVE_COMPILATION_CONDITIONS = DEBUG;
				SWIFT_OPTIMIZATION_LEVEL = "-Onone";
			};
			name = Debug;
		};
		81C3EE1727F43B360058ED64 /* Release */ = {
			isa = XCBuildConfiguration;
			buildSettings = {
				ALWAYS_SEARCH_USER_PATHS = NO;
				CLANG_ANALYZER_NONNULL = YES;
				CLANG_ANALYZER_NUMBER_OBJECT_CONVERSION = YES_AGGRESSIVE;
				CLANG_CXX_LANGUAGE_STANDARD = "gnu++17";
				CLANG_CXX_LIBRARY = "libc++";
				CLANG_ENABLE_MODULES = YES;
				CLANG_ENABLE_OBJC_ARC = YES;
				CLANG_ENABLE_OBJC_WEAK = YES;
				CLANG_WARN_BLOCK_CAPTURE_AUTORELEASING = YES;
				CLANG_WARN_BOOL_CONVERSION = YES;
				CLANG_WARN_COMMA = YES;
				CLANG_WARN_CONSTANT_CONVERSION = YES;
				CLANG_WARN_DEPRECATED_OBJC_IMPLEMENTATIONS = YES;
				CLANG_WARN_DIRECT_OBJC_ISA_USAGE = YES_ERROR;
				CLANG_WARN_DOCUMENTATION_COMMENTS = YES;
				CLANG_WARN_EMPTY_BODY = YES;
				CLANG_WARN_ENUM_CONVERSION = YES;
				CLANG_WARN_INFINITE_RECURSION = YES;
				CLANG_WARN_INT_CONVERSION = YES;
				CLANG_WARN_NON_LITERAL_NULL_CONVERSION = YES;
				CLANG_WARN_OBJC_IMPLICIT_RETAIN_SELF = YES;
				CLANG_WARN_OBJC_LITERAL_CONVERSION = YES;
				CLANG_WARN_OBJC_ROOT_CLASS = YES_ERROR;
				CLANG_WARN_QUOTED_INCLUDE_IN_FRAMEWORK_HEADER = YES;
				CLANG_WARN_RANGE_LOOP_ANALYSIS = YES;
				CLANG_WARN_STRICT_PROTOTYPES = YES;
				CLANG_WARN_SUSPICIOUS_MOVE = YES;
				CLANG_WARN_UNGUARDED_AVAILABILITY = YES_AGGRESSIVE;
				CLANG_WARN_UNREACHABLE_CODE = YES;
				CLANG_WARN__DUPLICATE_METHOD_MATCH = YES;
				COPY_PHASE_STRIP = NO;
				DEBUG_INFORMATION_FORMAT = "dwarf-with-dsym";
				ENABLE_NS_ASSERTIONS = NO;
				ENABLE_STRICT_OBJC_MSGSEND = YES;
				GCC_C_LANGUAGE_STANDARD = gnu11;
				GCC_NO_COMMON_BLOCKS = YES;
				GCC_WARN_64_TO_32_BIT_CONVERSION = YES;
				GCC_WARN_ABOUT_RETURN_TYPE = YES_ERROR;
				GCC_WARN_UNDECLARED_SELECTOR = YES;
				GCC_WARN_UNINITIALIZED_AUTOS = YES_AGGRESSIVE;
				GCC_WARN_UNUSED_FUNCTION = YES;
				GCC_WARN_UNUSED_VARIABLE = YES;
				IPHONEOS_DEPLOYMENT_TARGET = 15.0;
				MTL_ENABLE_DEBUG_INFO = NO;
				MTL_FAST_MATH = YES;
				SDKROOT = iphoneos;
				SWIFT_COMPILATION_MODE = wholemodule;
				SWIFT_OPTIMIZATION_LEVEL = "-O";
				VALIDATE_PRODUCT = YES;
			};
			name = Release;
		};
		81C3EE1927F43B360058ED64 /* Debug */ = {
			isa = XCBuildConfiguration;
			buildSettings = {
				ASSETCATALOG_COMPILER_APPICON_NAME = AppIcon;
				ASSETCATALOG_COMPILER_GLOBAL_ACCENT_COLOR_NAME = AccentColor;
				CODE_SIGN_STYLE = Automatic;
				CURRENT_PROJECT_VERSION = 1;
				GENERATE_INFOPLIST_FILE = YES;
				INFOPLIST_FILE = whereismytag/Info.plist;
				INFOPLIST_KEY_UIApplicationSupportsIndirectInputEvents = YES;
				INFOPLIST_KEY_UILaunchStoryboardName = LaunchScreen;
				INFOPLIST_KEY_UIMainStoryboardFile = Main;
				INFOPLIST_KEY_UISupportedInterfaceOrientations_iPad = "UIInterfaceOrientationPortrait UIInterfaceOrientationPortraitUpsideDown UIInterfaceOrientationLandscapeLeft UIInterfaceOrientationLandscapeRight";
				INFOPLIST_KEY_UISupportedInterfaceOrientations_iPhone = "UIInterfaceOrientationPortrait UIInterfaceOrientationLandscapeLeft UIInterfaceOrientationLandscapeRight";
				LD_RUNPATH_SEARCH_PATHS = (
					"$(inherited)",
					"@executable_path/Frameworks",
				);
				MARKETING_VERSION = 1.0;
				PRODUCT_BUNDLE_IDENTIFIER = "com.romain-yann.whereismytag";
				PRODUCT_NAME = "$(TARGET_NAME)";
				SWIFT_EMIT_LOC_STRINGS = YES;
				SWIFT_VERSION = 5.0;
				TARGETED_DEVICE_FAMILY = "1,2";
			};
			name = Debug;
		};
		81C3EE1A27F43B360058ED64 /* Release */ = {
			isa = XCBuildConfiguration;
			buildSettings = {
				ASSETCATALOG_COMPILER_APPICON_NAME = AppIcon;
				ASSETCATALOG_COMPILER_GLOBAL_ACCENT_COLOR_NAME = AccentColor;
				CODE_SIGN_STYLE = Automatic;
				CURRENT_PROJECT_VERSION = 1;
				GENERATE_INFOPLIST_FILE = YES;
				INFOPLIST_FILE = whereismytag/Info.plist;
				INFOPLIST_KEY_UIApplicationSupportsIndirectInputEvents = YES;
				INFOPLIST_KEY_UILaunchStoryboardName = LaunchScreen;
				INFOPLIST_KEY_UIMainStoryboardFile = Main;
				INFOPLIST_KEY_UISupportedInterfaceOrientations_iPad = "UIInterfaceOrientationPortrait UIInterfaceOrientationPortraitUpsideDown UIInterfaceOrientationLandscapeLeft UIInterfaceOrientationLandscapeRight";
				INFOPLIST_KEY_UISupportedInterfaceOrientations_iPhone = "UIInterfaceOrientationPortrait UIInterfaceOrientationLandscapeLeft UIInterfaceOrientationLandscapeRight";
				LD_RUNPATH_SEARCH_PATHS = (
					"$(inherited)",
					"@executable_path/Frameworks",
				);
				MARKETING_VERSION = 1.0;
				PRODUCT_BUNDLE_IDENTIFIER = "com.romain-yann.whereismytag";
				PRODUCT_NAME = "$(TARGET_NAME)";
				SWIFT_EMIT_LOC_STRINGS = YES;
				SWIFT_VERSION = 5.0;
				TARGETED_DEVICE_FAMILY = "1,2";
			};
			name = Release;
		};
/* End XCBuildConfiguration section */

/* Begin XCConfigurationList section */
		81C3EDFF27F43B350058ED64 /* Build configuration list for PBXProject "whereismytag" */ = {
			isa = XCConfigurationList;
			buildConfigurations = (
				81C3EE1627F43B360058ED64 /* Debug */,
				81C3EE1727F43B360058ED64 /* Release */,
			);
			defaultConfigurationIsVisible = 0;
			defaultConfigurationName = Release;
		};
		81C3EE1827F43B360058ED64 /* Build configuration list for PBXNativeTarget "whereismytag" */ = {
			isa = XCConfigurationList;
			buildConfigurations = (
				81C3EE1927F43B360058ED64 /* Debug */,
				81C3EE1A27F43B360058ED64 /* Release */,
			);
			defaultConfigurationIsVisible = 0;
			defaultConfigurationName = Release;
		};
/* End XCConfigurationList section */
	};
	rootObject = 81C3EDFC27F43B350058ED64 /* Project object */;
}
